// !$*UTF8*$!
{
	archiveVersion = 1;
	classes = {
	};
	objectVersion = 46;
	objects = {

/* Begin PBXBuildFile section */
		C4F500001B466D2F005D0EB8 /* main.m in Sources */ = {isa = PBXBuildFile; fileRef = C4F5FFFF1B466D2F005D0EB8 /* main.m */; };
		C4F500031B466D2F005D0EB8 /* AppDelegate.m in Sources */ = {isa = PBXBuildFile; fileRef = C4F500021B466D2F005D0EB8 /* AppDelegate.m */; };
		C4F500061B466D2F005D0EB8 /* ViewController.m in Sources */ = {isa = PBXBuildFile; fileRef = C4F500051B466D2F005D0EB8 /* ViewController.m */; };
		C4F500091B466D2F005D0EB8 /* Main.storyboard in Resources */ = {isa = PBXBuildFile; fileRef = C4F500071B466D2F005D0EB8 /* Main.storyboard */; };
		C4F5000B1B466D2F005D0EB8 /* Images.xcassets in Resources */ = {isa = PBXBuildFile; fileRef = C4F5000A1B466D2F005D0EB8 /* Images.xcassets */; };
		C4F5000E1B466D2F005D0EB8 /* LaunchScreen.xib in Resources */ = {isa = PBXBuildFile; fileRef = C4F5000C1B466D2F005D0EB8 /* LaunchScreen.xib */; };
		C4F5001A1B466D2F005D0EB8 /* NewsDemoTests.m in Sources */ = {isa = PBXBuildFile; fileRef = C4F500191B466D2F005D0EB8 /* NewsDemoTests.m */; };
/* End PBXBuildFile section */

/* Begin PBXContainerItemProxy section */
		C4F500141B466D2F005D0EB8 /* PBXContainerItemProxy */ = {
			isa = PBXContainerItemProxy;
			containerPortal = C4F5FFF21B466D2F005D0EB8 /* Project object */;
			proxyType = 1;
			remoteGlobalIDString = C4F5FFF91B466D2F005D0EB8;
			remoteInfo = NewsDemo;
		};
/* End PBXContainerItemProxy section */

/* Begin PBXFileReference section */
		C4F500011B466D2F005D0EB8 /* AppDelegate.h */ = {isa = PBXFileReference; lastKnownFileType = sourcecode.c.h; path = AppDelegate.h; sourceTree = "<group>"; };
		C4F500021B466D2F005D0EB8 /* AppDelegate.m */ = {isa = PBXFileReference; lastKnownFileType = sourcecode.c.objc; path = AppDelegate.m; sourceTree = "<group>"; };
		C4F500041B466D2F005D0EB8 /* ViewController.h */ = {isa = PBXFileReference; lastKnownFileType = sourcecode.c.h; path = ViewController.h; sourceTree = "<group>"; };
		C4F500051B466D2F005D0EB8 /* ViewController.m */ = {isa = PBXFileReference; lastKnownFileType = sourcecode.c.objc; path = ViewController.m; sourceTree = "<group>"; };
		C4F500081B466D2F005D0EB8 /* Base */ = {isa = PBXFileReference; lastKnownFileType = file.storyboard; name = Base; path = Base.lproj/Main.storyboard; sourceTree = "<group>"; };
		C4F5000A1B466D2F005D0EB8 /* Images.xcassets */ = {isa = PBXFileReference; lastKnownFileType = folder.assetcatalog; path = Images.xcassets; sourceTree = "<group>"; };
		C4F5000D1B466D2F005D0EB8 /* Base */ = {isa = PBXFileReference; lastKnownFileType = file.xib; name = Base; path = Base.lproj/LaunchScreen.xib; sourceTree = "<group>"; };
		C4F500131B466D2F005D0EB8 /* NewsDemoTests.xctest */ = {isa = PBXFileReference; explicitFileType = wrapper.cfbundle; includeInIndex = 0; path = NewsDemoTests.xctest; sourceTree = BUILT_PRODUCTS_DIR; };
		C4F500181B466D2F005D0EB8 /* Info.plist */ = {isa = PBXFileReference; lastKnownFileType = text.plist.xml; path = Info.plist; sourceTree = "<group>"; };
		C4F500191B466D2F005D0EB8 /* NewsDemoTests.m */ = {isa = PBXFileReference; lastKnownFileType = sourcecode.c.objc; path = NewsDemoTests.m; sourceTree = "<group>"; };
		C4F5FFFA1B466D2F005D0EB8 /* NewsDemo.app */ = {isa = PBXFileReference; explicitFileType = wrapper.application; includeInIndex = 0; path = NewsDemo.app; sourceTree = BUILT_PRODUCTS_DIR; };
		C4F5FFFE1B466D2F005D0EB8 /* Info.plist */ = {isa = PBXFileReference; lastKnownFileType = text.plist.xml; path = Info.plist; sourceTree = "<group>"; };
		C4F5FFFF1B466D2F005D0EB8 /* main.m */ = {isa = PBXFileReference; lastKnownFileType = sourcecode.c.objc; path = main.m; sourceTree = "<group>"; };
/* End PBXFileReference section */

/* Begin PBXFrameworksBuildPhase section */
		C4F500101B466D2F005D0EB8 /* Frameworks */ = {
			isa = PBXFrameworksBuildPhase;
			buildActionMask = 2147483647;
			files = (
			);
			runOnlyForDeploymentPostprocessing = 0;
		};
		C4F5FFF71B466D2F005D0EB8 /* Frameworks */ = {
			isa = PBXFrameworksBuildPhase;
			buildActionMask = 2147483647;
			files = (
			);
			runOnlyForDeploymentPostprocessing = 0;
		};
/* End PBXFrameworksBuildPhase section */

/* Begin PBXGroup section */
		C4F500161B466D2F005D0EB8 /* NewsDemoTests */ = {
			isa = PBXGroup;
			children = (
				C4F500191B466D2F005D0EB8 /* NewsDemoTests.m */,
				C4F500171B466D2F005D0EB8 /* Supporting Files */,
			);
			path = NewsDemoTests;
			sourceTree = "<group>";
		};
		C4F500171B466D2F005D0EB8 /* Supporting Files */ = {
			isa = PBXGroup;
			children = (
				C4F500181B466D2F005D0EB8 /* Info.plist */,
			);
			name = "Supporting Files";
			sourceTree = "<group>";
		};
		C4F5FFF11B466D2F005D0EB8 = {
			isa = PBXGroup;
			children = (
				C4F5FFFC1B466D2F005D0EB8 /* NewsDemo */,
				C4F500161B466D2F005D0EB8 /* NewsDemoTests */,
				C4F5FFFB1B466D2F005D0EB8 /* Products */,
			);
			sourceTree = "<group>";
		};
		C4F5FFFB1B466D2F005D0EB8 /* Products */ = {
			isa = PBXGroup;
			children = (
				C4F5FFFA1B466D2F005D0EB8 /* NewsDemo.app */,
				C4F500131B466D2F005D0EB8 /* NewsDemoTests.xctest */,
			);
			name = Products;
			sourceTree = "<group>";
		};
		C4F5FFFC1B466D2F005D0EB8 /* NewsDemo */ = {
			isa = PBXGroup;
			children = (
				C4F500011B466D2F005D0EB8 /* AppDelegate.h */,
				C4F500021B466D2F005D0EB8 /* AppDelegate.m */,
				C4F500041B466D2F005D0EB8 /* ViewController.h */,
				C4F500051B466D2F005D0EB8 /* ViewController.m */,
				C4F500071B466D2F005D0EB8 /* Main.storyboard */,
				C4F5000A1B466D2F005D0EB8 /* Images.xcassets */,
				C4F5000C1B466D2F005D0EB8 /* LaunchScreen.xib */,
				C4F5FFFD1B466D2F005D0EB8 /* Supporting Files */,
			);
			path = NewsDemo;
			sourceTree = "<group>";
		};
		C4F5FFFD1B466D2F005D0EB8 /* Supporting Files */ = {
			isa = PBXGroup;
			children = (
				C4F5FFFE1B466D2F005D0EB8 /* Info.plist */,
				C4F5FFFF1B466D2F005D0EB8 /* main.m */,
			);
			name = "Supporting Files";
			sourceTree = "<group>";
		};
/* End PBXGroup section */

/* Begin PBXNativeTarget section */
		C4F500121B466D2F005D0EB8 /* NewsDemoTests */ = {
			isa = PBXNativeTarget;
			buildConfigurationList = C4F500201B466D2F005D0EB8 /* Build configuration list for PBXNativeTarget "NewsDemoTests" */;
			buildPhases = (
				C4F5000F1B466D2F005D0EB8 /* Sources */,
				C4F500101B466D2F005D0EB8 /* Frameworks */,
				C4F500111B466D2F005D0EB8 /* Resources */,
			);
			buildRules = (
			);
			dependencies = (
				C4F500151B466D2F005D0EB8 /* PBXTargetDependency */,
			);
			name = NewsDemoTests;
			productName = NewsDemoTests;
			productReference = C4F500131B466D2F005D0EB8 /* NewsDemoTests.xctest */;
			productType = "com.apple.product-type.bundle.unit-test";
		};
		C4F5FFF91B466D2F005D0EB8 /* NewsDemo */ = {
			isa = PBXNativeTarget;
			buildConfigurationList = C4F5001D1B466D2F005D0EB8 /* Build configuration list for PBXNativeTarget "NewsDemo" */;
			buildPhases = (
				C4F5FFF61B466D2F005D0EB8 /* Sources */,
				C4F5FFF71B466D2F005D0EB8 /* Frameworks */,
				C4F5FFF81B466D2F005D0EB8 /* Resources */,
			);
			buildRules = (
			);
			dependencies = (
			);
			name = NewsDemo;
			productName = NewsDemo;
			productReference = C4F5FFFA1B466D2F005D0EB8 /* NewsDemo.app */;
			productType = "com.apple.product-type.application";
		};
/* End PBXNativeTarget section */

/* Begin PBXProject section */
		C4F5FFF21B466D2F005D0EB8 /* Project object */ = {
			isa = PBXProject;
			attributes = {
				LastUpgradeCheck = 0630;
				ORGANIZATIONNAME = summer;
				TargetAttributes = {
					C4F500121B466D2F005D0EB8 = {
						CreatedOnToolsVersion = 6.3.2;
						TestTargetID = C4F5FFF91B466D2F005D0EB8;
					};
					C4F5FFF91B466D2F005D0EB8 = {
						CreatedOnToolsVersion = 6.3.2;
					};
				};
			};
			buildConfigurationList = C4F5FFF51B466D2F005D0EB8 /* Build configuration list for PBXProject "NewsDemo" */;
			compatibilityVersion = "Xcode 3.2";
			developmentRegion = English;
			hasScannedForEncodings = 0;
			knownRegions = (
				en,
				Base,
			);
			mainGroup = C4F5FFF11B466D2F005D0EB8;
			productRefGroup = C4F5FFFB1B466D2F005D0EB8 /* Products */;
			projectDirPath = "";
			projectRoot = "";
			targets = (
				C4F5FFF91B466D2F005D0EB8 /* NewsDemo */,
				C4F500121B466D2F005D0EB8 /* NewsDemoTests */,
			);
		};
/* End PBXProject section */

/* Begin PBXResourcesBuildPhase section */
		C4F500111B466D2F005D0EB8 /* Resources */ = {
			isa = PBXResourcesBuildPhase;
			buildActionMask = 2147483647;
			files = (
			);
			runOnlyForDeploymentPostprocessing = 0;
		};
		C4F5FFF81B466D2F005D0EB8 /* Resources */ = {
			isa = PBXResourcesBuildPhase;
			buildActionMask = 2147483647;
			files = (
				C4F500091B466D2F005D0EB8 /* Main.storyboard in Resources */,
				C4F5000E1B466D2F005D0EB8 /* LaunchScreen.xib in Resources */,
				C4F5000B1B466D2F005D0EB8 /* Images.xcassets in Resources */,
			);
			runOnlyForDeploymentPostprocessing = 0;
		};
/* End PBXResourcesBuildPhase section */

/* Begin PBXSourcesBuildPhase section */
		C4F5000F1B466D2F005D0EB8 /* Sources */ = {
			isa = PBXSourcesBuildPhase;
			buildActionMask = 2147483647;
			files = (
				C4F5001A1B466D2F005D0EB8 /* NewsDemoTests.m in Sources */,
			);
			runOnlyForDeploymentPostprocessing = 0;
		};
		C4F5FFF61B466D2F005D0EB8 /* Sources */ = {
			isa = PBXSourcesBuildPhase;
			buildActionMask = 2147483647;
			files = (
				C4F500061B466D2F005D0EB8 /* ViewController.m in Sources */,
				C4F500031B466D2F005D0EB8 /* AppDelegate.m in Sources */,
				C4F500001B466D2F005D0EB8 /* main.m in Sources */,
			);
			runOnlyForDeploymentPostprocessing = 0;
		};
/* End PBXSourcesBuildPhase section */

/* Begin PBXTargetDependency section */
		C4F500151B466D2F005D0EB8 /* PBXTargetDependency */ = {
			isa = PBXTargetDependency;
			target = C4F5FFF91B466D2F005D0EB8 /* NewsDemo */;
			targetProxy = C4F500141B466D2F005D0EB8 /* PBXContainerItemProxy */;
		};
/* End PBXTargetDependency section */

/* Begin PBXVariantGroup section */
		C4F500071B466D2F005D0EB8 /* Main.storyboard */ = {
			isa = PBXVariantGroup;
			children = (
				C4F500081B466D2F005D0EB8 /* Base */,
			);
			name = Main.storyboard;
			sourceTree = "<group>";
		};
		C4F5000C1B466D2F005D0EB8 /* LaunchScreen.xib */ = {
			isa = PBXVariantGroup;
			children = (
				C4F5000D1B466D2F005D0EB8 /* Base */,
			);
			name = LaunchScreen.xib;
			sourceTree = "<group>";
		};
/* End PBXVariantGroup section */

/* Begin XCBuildConfiguration section */
		C4F5001B1B466D2F005D0EB8 /* Debug */ = {
			isa = XCBuildConfiguration;
			buildSettings = {
				ALWAYS_SEARCH_USER_PATHS = NO;
				CLANG_CXX_LANGUAGE_STANDARD = "gnu++0x";
				CLANG_CXX_LIBRARY = "libc++";
				CLANG_ENABLE_MODULES = YES;
				CLANG_ENABLE_OBJC_ARC = YES;
				CLANG_WARN_BOOL_CONVERSION = YES;
				CLANG_WARN_CONSTANT_CONVERSION = YES;
				CLANG_WARN_DIRECT_OBJC_ISA_USAGE = YES_ERROR;
				CLANG_WARN_EMPTY_BODY = YES;
				CLANG_WARN_ENUM_CONVERSION = YES;
				CLANG_WARN_INT_CONVERSION = YES;
				CLANG_WARN_OBJC_ROOT_CLASS = YES_ERROR;
				CLANG_WARN_UNREACHABLE_CODE = YES;
				CLANG_WARN__DUPLICATE_METHOD_MATCH = YES;
				"CODE_SIGN_IDENTITY[sdk=iphoneos*]" = "iPhone Developer";
				COPY_PHASE_STRIP = NO;
				DEBUG_INFORMATION_FORMAT = "dwarf-with-dsym";
				ENABLE_STRICT_OBJC_MSGSEND = YES;
				GCC_C_LANGUAGE_STANDARD = gnu99;
				GCC_DYNAMIC_NO_PIC = NO;
				GCC_NO_COMMON_BLOCKS = YES;
				GCC_OPTIMIZATION_LEVEL = 0;
				GCC_PREPROCESSOR_DEFINITIONS = (
					"DEBUG=1",
					"$(inherited)",
				);
				GCC_SYMBOLS_PRIVATE_EXTERN = NO;
				GCC_WARN_64_TO_32_BIT_CONVERSION = YES;
				GCC_WARN_ABOUT_RETURN_TYPE = YES_ERROR;
				GCC_WARN_UNDECLARED_SELECTOR = YES;
				GCC_WARN_UNINITIALIZED_AUTOS = YES_AGGRESSIVE;
				GCC_WARN_UNUSED_FUNCTION = YES;
				GCC_WARN_UNUSED_VARIABLE = YES;
				IPHONEOS_DEPLOYMENT_TARGET = 8.3;
				MTL_ENABLE_DEBUG_INFO = YES;
				ONLY_ACTIVE_ARCH = YES;
				SDKROOT = iphoneos;
			};
			name = Debug;
		};
		C4F5001C1B466D2F005D0EB8 /* Release */ = {
			isa = XCBuildConfiguration;
			buildSettings = {
				ALWAYS_SEARCH_USER_PATHS = NO;
				CLANG_CXX_LANGUAGE_STANDARD = "gnu++0x";
				CLANG_CXX_LIBRARY = "libc++";
				CLANG_ENABLE_MODULES = YES;
				CLANG_ENABLE_OBJC_ARC = YES;
				CLANG_WARN_BOOL_CONVERSION = YES;
				CLANG_WARN_CONSTANT_CONVERSION = YES;
				CLANG_WARN_DIRECT_OBJC_ISA_USAGE = YES_ERROR;
				CLANG_WARN_EMPTY_BODY = YES;
				CLANG_WARN_ENUM_CONVERSION = YES;
				CLANG_WARN_INT_CONVERSION = YES;
				CLANG_WARN_OBJC_ROOT_CLASS = YES_ERROR;
				CLANG_WARN_UNREACHABLE_CODE = YES;
				CLANG_WARN__DUPLICATE_METHOD_MATCH = YES;
				"CODE_SIGN_IDENTITY[sdk=iphoneos*]" = "iPhone Developer";
				COPY_PHASE_STRIP = NO;
				DEBUG_INFORMATION_FORMAT = "dwarf-with-dsym";
				ENABLE_NS_ASSERTIONS = NO;
				ENABLE_STRICT_OBJC_MSGSEND = YES;
				GCC_C_LANGUAGE_STANDARD = gnu99;
				GCC_NO_COMMON_BLOCKS = YES;
				GCC_WARN_64_TO_32_BIT_CONVERSION = YES;
				GCC_WARN_ABOUT_RETURN_TYPE = YES_ERROR;
				GCC_WARN_UNDECLARED_SELECTOR = YES;
				GCC_WARN_UNINITIALIZED_AUTOS = YES_AGGRESSIVE;
				GCC_WARN_UNUSED_FUNCTION = YES;
				GCC_WARN_UNUSED_VARIABLE = YES;
				IPHONEOS_DEPLOYMENT_TARGET = 8.3;
				MTL_ENABLE_DEBUG_INFO = NO;
				SDKROOT = iphoneos;
				VALIDATE_PRODUCT = YES;
			};
			name = Release;
		};
		C4F5001E1B466D2F005D0EB8 /* Debug */ = {
			isa = XCBuildConfiguration;
			buildSettings = {
				ASSETCATALOG_COMPILER_APPICON_NAME = AppIcon;
				INFOPLIST_FILE = NewsDemo/Info.plist;
				LD_RUNPATH_SEARCH_PATHS = "$(inherited) @executable_path/Frameworks";
				PRODUCT_NAME = "$(TARGET_NAME)";
			};
			name = Debug;
		};
		C4F5001F1B466D2F005D0EB8 /* Release */ = {
			isa = XCBuildConfiguration;
			buildSettings = {
				ASSETCATALOG_COMPILER_APPICON_NAME = AppIcon;
				INFOPLIST_FILE = NewsDemo/Info.plist;
				LD_RUNPATH_SEARCH_PATHS = "$(inherited) @executable_path/Frameworks";
				PRODUCT_NAME = "$(TARGET_NAME)";
			};
			name = Release;
		};
		C4F500211B466D2F005D0EB8 /* Debug */ = {
			isa = XCBuildConfiguration;
			buildSettings = {
				BUNDLE_LOADER = "$(TEST_HOST)";
				FRAMEWORK_SEARCH_PATHS = (
					"$(SDKROOT)/Developer/Library/Frameworks",
					"$(inherited)",
				);
				GCC_PREPROCESSOR_DEFINITIONS = (
					"DEBUG=1",
					"$(inherited)",
				);
				INFOPLIST_FILE = NewsDemoTests/Info.plist;
				LD_RUNPATH_SEARCH_PATHS = "$(inherited) @executable_path/Frameworks @loader_path/Frameworks";
				PRODUCT_NAME = "$(TARGET_NAME)";
				TEST_HOST = "$(BUILT_PRODUCTS_DIR)/NewsDemo.app/NewsDemo";
			};
			name = Debug;
		};
		C4F500221B466D2F005D0EB8 /* Release */ = {
			isa = XCBuildConfiguration;
			buildSettings = {
				BUNDLE_LOADER = "$(TEST_HOST)";
				FRAMEWORK_SEARCH_PATHS = (
					"$(SDKROOT)/Developer/Library/Frameworks",
					"$(inherited)",
				);
				INFOPLIST_FILE = NewsDemoTests/Info.plist;
				LD_RUNPATH_SEARCH_PATHS = "$(inherited) @executable_path/Frameworks @loader_path/Frameworks";
				PRODUCT_NAME = "$(TARGET_NAME)";
				TEST_HOST = "$(BUILT_PRODUCTS_DIR)/NewsDemo.app/NewsDemo";
			};
			name = Release;
		};
/* End XCBuildConfiguration section */

/* Begin XCConfigurationList section */
		C4F5001D1B466D2F005D0EB8 /* Build configuration list for PBXNativeTarget "NewsDemo" */ = {
			isa = XCConfigurationList;
			buildConfigurations = (
				C4F5001E1B466D2F005D0EB8 /* Debug */,
				C4F5001F1B466D2F005D0EB8 /* Release */,
			);
			defaultConfigurationIsVisible = 0;
		};
		C4F500201B466D2F005D0EB8 /* Build configuration list for PBXNativeTarget "NewsDemoTests" */ = {
			isa = XCConfigurationList;
			buildConfigurations = (
				C4F500211B466D2F005D0EB8 /* Debug */,
				C4F500221B466D2F005D0EB8 /* Release */,
			);
			defaultConfigurationIsVisible = 0;
		};
		C4F5FFF51B466D2F005D0EB8 /* Build configuration list for PBXProject "NewsDemo" */ = {
			isa = XCConfigurationList;
			buildConfigurations = (
				C4F5001B1B466D2F005D0EB8 /* Debug */,
				C4F5001C1B466D2F005D0EB8 /* Release */,
			);
			defaultConfigurationIsVisible = 0;
			defaultConfigurationName = Release;
		};
/* End XCConfigurationList section */
	};
	rootObject = C4F5FFF21B466D2F005D0EB8 /* Project object */;
}
